
Microsoft Visual Studio Solution File, Format Version 12.00
# Visual Studio Version 17
VisualStudioVersion = 17.0.31903.59
MinimumVisualStudioVersion = 10.0.40219.1
Project("{FAE04EC0-301F-11D3-BF4B-00C04F79EFBC}") = "MaximaTech.api", "src\MaximaTech.api\MaximaTech.api.csproj", "{02F35A14-1299-4510-8EDE-4C0B77B3641C}"
EndProject
Project("{FAE04EC0-301F-11D3-BF4B-00C04F79EFBC}") = "MaximaTech.core", "MaximaTech.core\MaximaTech.core.csproj", "{1D73CD6A-7F23-4498-BA97-73DC4D35B769}"
EndProject
Project("{FAE04EC0-301F-11D3-BF4B-00C04F79EFBC}") = "MaximaTech.Infrastructure", "MaximaTech.Infrastructure\MaximaTech.Infrastructure.csproj", "{347C79E3-83CC-49A7-AC1D-EA65AE897C2E}"
EndProject
Project("{FAE04EC0-301F-11D3-BF4B-00C04F79EFBC}") = "MaximaTech.Application", "MaximaTech.Application\MaximaTech.Application.csproj", "{EDF73CAB-88B9-43AA-87F6-3D004BD4D3A8}"
EndProject
Project("{FAE04EC0-301F-11D3-BF4B-00C04F79EFBC}") = "MaximaTech.App", "MaximaTech.App\MaximaTech.App.csproj", "{370AD821-7B96-4343-9FA4-554733951BFB}"
EndProject
Global
	GlobalSection(SolutionConfigurationPlatforms) = preSolution
		Debug|Any CPU = Debug|Any CPU
		Release|Any CPU = Release|Any CPU
	EndGlobalSection
	GlobalSection(ProjectConfigurationPlatforms) = postSolution
		{02F35A14-1299-4510-8EDE-4C0B77B3641C}.Debug|Any CPU.ActiveCfg = Debug|Any CPU
		{02F35A14-1299-4510-8EDE-4C0B77B3641C}.Debug|Any CPU.Build.0 = Debug|Any CPU
		{02F35A14-1299-4510-8EDE-4C0B77B3641C}.Release|Any CPU.ActiveCfg = Release|Any CPU
		{02F35A14-1299-4510-8EDE-4C0B77B3641C}.Release|Any CPU.Build.0 = Release|Any CPU
		{1D73CD6A-7F23-4498-BA97-73DC4D35B769}.Debug|Any CPU.ActiveCfg = Debug|Any CPU
		{1D73CD6A-7F23-4498-BA97-73DC4D35B769}.Debug|Any CPU.Build.0 = Debug|Any CPU
		{1D73CD6A-7F23-4498-BA97-73DC4D35B769}.Release|Any CPU.ActiveCfg = Release|Any CPU
		{1D73CD6A-7F23-4498-BA97-73DC4D35B769}.Release|Any CPU.Build.0 = Release|Any CPU
		{347C79E3-83CC-49A7-AC1D-EA65AE897C2E}.Debug|Any CPU.ActiveCfg = Debug|Any CPU
		{347C79E3-83CC-49A7-AC1D-EA65AE897C2E}.Debug|Any CPU.Build.0 = Debug|Any CPU
		{347C79E3-83CC-49A7-AC1D-EA65AE897C2E}.Release|Any CPU.ActiveCfg = Release|Any CPU
		{347C79E3-83CC-49A7-AC1D-EA65AE897C2E}.Release|Any CPU.Build.0 = Release|Any CPU
		{EDF73CAB-88B9-43AA-87F6-3D004BD4D3A8}.Debug|Any CPU.ActiveCfg = Debug|Any CPU
		{EDF73CAB-88B9-43AA-87F6-3D004BD4D3A8}.Debug|Any CPU.Build.0 = Debug|Any CPU
		{EDF73CAB-88B9-43AA-87F6-3D004BD4D3A8}.Release|Any CPU.ActiveCfg = Release|Any CPU
		{EDF73CAB-88B9-43AA-87F6-3D004BD4D3A8}.Release|Any CPU.Build.0 = Release|Any CPU
		{370AD821-7B96-4343-9FA4-554733951BFB}.Debug|Any CPU.ActiveCfg = Debug|Any CPU
		{370AD821-7B96-4343-9FA4-554733951BFB}.Debug|Any CPU.Build.0 = Debug|Any CPU
		{370AD821-7B96-4343-9FA4-554733951BFB}.Release|Any CPU.ActiveCfg = Release|Any CPU
		{370AD821-7B96-4343-9FA4-554733951BFB}.Release|Any CPU.Build.0 = Release|Any CPU
	EndGlobalSection
	GlobalSection(SolutionProperties) = preSolution
		HideSolutionNode = FALSE
	EndGlobalSection
	GlobalSection(ExtensibilityGlobals) = postSolution
		SolutionGuid = {73A01875-4CC1-43B0-AC2C-D2F3DC5D1479}
	EndGlobalSection
EndGlobal
