
Microsoft Visual Studio Solution File, Format Version 12.00
# Visual Studio Version 17
VisualStudioVersion = 17.0.31903.59
MinimumVisualStudioVersion = 10.0.40219.1
Project("{9A19103F-16F7-4668-BE54-9A1E7A4F7556}") = "MaximaTech.api", "src\MaximaTech.api\MaximaTech.api.csproj", "{02F35A14-1299-4510-8EDE-4C0B77B3641C}"
EndProject
Project("{9A19103F-16F7-4668-BE54-9A1E7A4F7556}") = "MaximaTech.App", "src\MaximaTech.App\MaximaTech.App.csproj", "{54756716-655D-444B-A285-A73936E015E1}"
EndProject
Project("{9A19103F-16F7-4668-BE54-9A1E7A4F7556}") = "MaximaTech.core", "src\MaximaTech.core\MaximaTech.core.csproj", "{0580D0A6-55A1-4EAA-9AAA-94A1B2ECD9D8}"
EndProject
Project("{9A19103F-16F7-4668-BE54-9A1E7A4F7556}") = "MaximaTech.Infrastructure", "src\MaximaTech.Infrastructure\MaximaTech.Infrastructure.csproj", "{82FADC22-FEBC-4479-855C-C58101554218}"
EndProject
Project("{9A19103F-16F7-4668-BE54-9A1E7A4F7556}") = "MaximaTech.Application", "src\MaximaTech.Application\MaximaTech.Application.csproj", "{7A9CC137-3427-4F93-8C42-E901D0F7464E}"
EndProject
Project("{FAE04EC0-301F-11D3-BF4B-00C04F79EFBC}") = "MaximaTech.Api.Tests", "MaximaTech.Api.Tests\MaximaTech.Api.Tests.csproj", "{0081AAA1-18F9-454A-85B7-B506AA8794D5}"
EndProject
Global
	GlobalSection(SolutionConfigurationPlatforms) = preSolution
		Debug|Any CPU = Debug|Any CPU
		Release|Any CPU = Release|Any CPU
	EndGlobalSection
	GlobalSection(ProjectConfigurationPlatforms) = postSolution
		{02F35A14-1299-4510-8EDE-4C0B77B3641C}.Debug|Any CPU.ActiveCfg = Debug|Any CPU
		{02F35A14-1299-4510-8EDE-4C0B77B3641C}.Debug|Any CPU.Build.0 = Debug|Any CPU
		{02F35A14-1299-4510-8EDE-4C0B77B3641C}.Release|Any CPU.ActiveCfg = Release|Any CPU
		{02F35A14-1299-4510-8EDE-4C0B77B3641C}.Release|Any CPU.Build.0 = Release|Any CPU
		{54756716-655D-444B-A285-A73936E015E1}.Debug|Any CPU.ActiveCfg = Debug|Any CPU
		{54756716-655D-444B-A285-A73936E015E1}.Debug|Any CPU.Build.0 = Debug|Any CPU
		{54756716-655D-444B-A285-A73936E015E1}.Release|Any CPU.ActiveCfg = Release|Any CPU
		{54756716-655D-444B-A285-A73936E015E1}.Release|Any CPU.Build.0 = Release|Any CPU
		{0580D0A6-55A1-4EAA-9AAA-94A1B2ECD9D8}.Debug|Any CPU.ActiveCfg = Debug|Any CPU
		{0580D0A6-55A1-4EAA-9AAA-94A1B2ECD9D8}.Debug|Any CPU.Build.0 = Debug|Any CPU
		{0580D0A6-55A1-4EAA-9AAA-94A1B2ECD9D8}.Release|Any CPU.ActiveCfg = Release|Any CPU
		{0580D0A6-55A1-4EAA-9AAA-94A1B2ECD9D8}.Release|Any CPU.Build.0 = Release|Any CPU
		{82FADC22-FEBC-4479-855C-C58101554218}.Debug|Any CPU.ActiveCfg = Debug|Any CPU
		{82FADC22-FEBC-4479-855C-C58101554218}.Debug|Any CPU.Build.0 = Debug|Any CPU
		{82FADC22-FEBC-4479-855C-C58101554218}.Release|Any CPU.ActiveCfg = Release|Any CPU
		{82FADC22-FEBC-4479-855C-C58101554218}.Release|Any CPU.Build.0 = Release|Any CPU
		{7A9CC137-3427-4F93-8C42-E901D0F7464E}.Debug|Any CPU.ActiveCfg = Debug|Any CPU
		{7A9CC137-3427-4F93-8C42-E901D0F7464E}.Debug|Any CPU.Build.0 = Debug|Any CPU
		{7A9CC137-3427-4F93-8C42-E901D0F7464E}.Release|Any CPU.ActiveCfg = Release|Any CPU
		{7A9CC137-3427-4F93-8C42-E901D0F7464E}.Release|Any CPU.Build.0 = Release|Any CPU
		{0081AAA1-18F9-454A-85B7-B506AA8794D5}.Debug|Any CPU.ActiveCfg = Debug|Any CPU
		{0081AAA1-18F9-454A-85B7-B506AA8794D5}.Debug|Any CPU.Build.0 = Debug|Any CPU
		{0081AAA1-18F9-454A-85B7-B506AA8794D5}.Release|Any CPU.ActiveCfg = Release|Any CPU
		{0081AAA1-18F9-454A-85B7-B506AA8794D5}.Release|Any CPU.Build.0 = Release|Any CPU
	EndGlobalSection
	GlobalSection(SolutionProperties) = preSolution
		HideSolutionNode = FALSE
	EndGlobalSection
	GlobalSection(ExtensibilityGlobals) = postSolution
		SolutionGuid = {73A01875-4CC1-43B0-AC2C-D2F3DC5D1479}
	EndGlobalSection
EndGlobal
